
Microsoft Visual Studio Solution File, Format Version 12.00
# Visual Studio Version 16
VisualStudioVersion = 16.0.30907.101
MinimumVisualStudioVersion = 10.0.40219.1
Project("{FAE04EC0-301F-11D3-BF4B-00C04F79EFBC}") = "JWTerritory", "JWTerritory\JWTerritory.csproj", "{C2FBAF4F-729E-4F3E-AA62-C0E986C985C1}"
EndProject
Global
	GlobalSection(SolutionConfigurationPlatforms) = preSolution
		Debug|Any CPU = Debug|Any CPU
		Release|Any CPU = Release|Any CPU
	EndGlobalSection
	GlobalSection(ProjectConfigurationPlatforms) = postSolution
		{C2FBAF4F-729E-4F3E-AA62-C0E986C985C1}.Debug|Any CPU.ActiveCfg = Debug|Any CPU
		{C2FBAF4F-729E-4F3E-AA62-C0E986C985C1}.Debug|Any CPU.Build.0 = Debug|Any CPU
		{C2FBAF4F-729E-4F3E-AA62-C0E986C985C1}.Release|Any CPU.ActiveCfg = Release|Any CPU
		{C2FBAF4F-729E-4F3E-AA62-C0E986C985C1}.Release|Any CPU.Build.0 = Release|Any CPU
	EndGlobalSection
	GlobalSection(SolutionProperties) = preSolution
		HideSolutionNode = FALSE
	EndGlobalSection
	GlobalSection(ExtensibilityGlobals) = postSolution
		SolutionGuid = {E66322D9-1EE5-41B0-9805-0989F0B30B3E}
	EndGlobalSection
EndGlobal
